
Microsoft Visual Studio Solution File, Format Version 12.00
# Visual Studio Version 17
VisualStudioVersion = 17.14.36301.6 d17.14
MinimumVisualStudioVersion = 10.0.40219.1
Project("{FAE04EC0-301F-11D3-BF4B-00C04F79EFBC}") = "WSafe.Api.OpenAI", "WSafe.Api.OpenAI.csproj", "{45DC6FC1-8A10-4487-EF60-10DC0DFDA2B4}"
EndProject
Global
	GlobalSection(SolutionConfigurationPlatforms) = preSolution
		Debug|Any CPU = Debug|Any CPU
		Release|Any CPU = Release|Any CPU
	EndGlobalSection
	GlobalSection(ProjectConfigurationPlatforms) = postSolution
		{45DC6FC1-8A10-4487-EF60-10DC0DFDA2B4}.Debug|Any CPU.ActiveCfg = Debug|Any CPU
		{45DC6FC1-8A10-4487-EF60-10DC0DFDA2B4}.Debug|Any CPU.Build.0 = Debug|Any CPU
		{45DC6FC1-8A10-4487-EF60-10DC0DFDA2B4}.Release|Any CPU.ActiveCfg = Release|Any CPU
		{45DC6FC1-8A10-4487-EF60-10DC0DFDA2B4}.Release|Any CPU.Build.0 = Release|Any CPU
	EndGlobalSection
	GlobalSection(SolutionProperties) = preSolution
		HideSolutionNode = FALSE
	EndGlobalSection
	GlobalSection(ExtensibilityGlobals) = postSolution
		SolutionGuid = {6B6F16F0-8CB2-4E70-A2B4-0239F0DFF17F}
	EndGlobalSection
EndGlobal
